
Microsoft Visual Studio Solution File, Format Version 12.00
# Visual Studio Version 17
VisualStudioVersion = 17.11.35222.181
MinimumVisualStudioVersion = 10.0.40219.1
Project("{8BC9CEB8-8B4A-11D0-8D11-00A0C91BC942}") = "suanfa1", "suanfa1\suanfa1.vcxproj", "{36A8C9B3-51E6-4E6F-897A-BDDF6493CA61}"
EndProject
Global
	GlobalSection(SolutionConfigurationPlatforms) = preSolution
		Debug|x64 = Debug|x64
		Debug|x86 = Debug|x86
		Release|x64 = Release|x64
		Release|x86 = Release|x86
	EndGlobalSection
	GlobalSection(ProjectConfigurationPlatforms) = postSolution
		{36A8C9B3-51E6-4E6F-897A-BDDF6493CA61}.Debug|x64.ActiveCfg = Debug|x64
		{36A8C9B3-51E6-4E6F-897A-BDDF6493CA61}.Debug|x64.Build.0 = Debug|x64
		{36A8C9B3-51E6-4E6F-897A-BDDF6493CA61}.Debug|x86.ActiveCfg = Debug|Win32
		{36A8C9B3-51E6-4E6F-897A-BDDF6493CA61}.Debug|x86.Build.0 = Debug|Win32
		{36A8C9B3-51E6-4E6F-897A-BDDF6493CA61}.Release|x64.ActiveCfg = Release|x64
		{36A8C9B3-51E6-4E6F-897A-BDDF6493CA61}.Release|x64.Build.0 = Release|x64
		{36A8C9B3-51E6-4E6F-897A-BDDF6493CA61}.Release|x86.ActiveCfg = Release|Win32
		{36A8C9B3-51E6-4E6F-897A-BDDF6493CA61}.Release|x86.Build.0 = Release|Win32
	EndGlobalSection
	GlobalSection(SolutionProperties) = preSolution
		HideSolutionNode = FALSE
	EndGlobalSection
	GlobalSection(ExtensibilityGlobals) = postSolution
		SolutionGuid = {16EC2EF0-CA51-465E-A46D-B4B235DD4F94}
	EndGlobalSection
EndGlobal
